<Solution>
  <Folder Name="/UnitTests/">
    <Project Path="NorthLog.Domain.Tests/NorthLog.Domain.Tests.csproj" />
  </Folder>
  <Project Path="NorthLog.Application/NorthLog.Application.csproj" />
  <Project Path="NorthLog.Domain/NorthLog.Domain.csproj" />
  <Project Path="NorthLog.Infrastructure/NorthLog.Infrastructure.csproj" />
  <Project Path="NorthLog.Wpf/NorthLog.Wpf.csproj" Id="9d88c369-83c1-4601-9ca1-a59e41d2ab7d" />
</Solution>
